
Microsoft Visual Studio Solution File, Format Version 12.00
# Visual Studio Version 17
VisualStudioVersion = 17.6.33815.320
MinimumVisualStudioVersion = 10.0.40219.1
Project("{FAE04EC0-301F-11D3-BF4B-00C04F79EFBC}") = "Arrays_Example_1", "Arrays_Example_1.csproj", "{D60F8BDF-6405-4991-889F-D52C16CFEFF2}"
EndProject
Global
	GlobalSection(SolutionConfigurationPlatforms) = preSolution
		Debug|Any CPU = Debug|Any CPU
		Release|Any CPU = Release|Any CPU
	EndGlobalSection
	GlobalSection(ProjectConfigurationPlatforms) = postSolution
		{D60F8BDF-6405-4991-889F-D52C16CFEFF2}.Debug|Any CPU.ActiveCfg = Debug|Any CPU
		{D60F8BDF-6405-4991-889F-D52C16CFEFF2}.Debug|Any CPU.Build.0 = Debug|Any CPU
		{D60F8BDF-6405-4991-889F-D52C16CFEFF2}.Release|Any CPU.ActiveCfg = Release|Any CPU
		{D60F8BDF-6405-4991-889F-D52C16CFEFF2}.Release|Any CPU.Build.0 = Release|Any CPU
	EndGlobalSection
	GlobalSection(SolutionProperties) = preSolution
		HideSolutionNode = FALSE
	EndGlobalSection
	GlobalSection(ExtensibilityGlobals) = postSolution
		SolutionGuid = {BADB63E7-7AA1-425B-B106-5BED17E2DA3F}
	EndGlobalSection
EndGlobal
